
Microsoft Visual Studio Solution File, Format Version 12.00
# Visual Studio Version 16
VisualStudioVersion = 16.0.31205.134
MinimumVisualStudioVersion = 10.0.40219.1
Project("{FAE04EC0-301F-11D3-BF4B-00C04F79EFBC}") = "UnityClasses", "UnityClasses\UnityClasses.csproj", "{22A2C44E-012E-452F-AB82-68AD5A915ED6}"
EndProject
Project("{FAE04EC0-301F-11D3-BF4B-00C04F79EFBC}") = "VRMazeClasses", "..\VRmaze_ExtensionProject\VRMazeClasses.csproj", "{0CADC1D7-D935-4962-BB87-1D8FA3133481}"
EndProject
Project("{FAE04EC0-301F-11D3-BF4B-00C04F79EFBC}") = "VRmaze_ExtensionViewModelProject", "..\VRmaze_ExtensionViewModelProject\VRmaze_ExtensionViewModelProject.csproj", "{E6066D4C-7A49-4B53-AEB3-4CD956B03203}"
EndProject
Global
	GlobalSection(SolutionConfigurationPlatforms) = preSolution
		Debug|Any CPU = Debug|Any CPU
		Release|Any CPU = Release|Any CPU
	EndGlobalSection
	GlobalSection(ProjectConfigurationPlatforms) = postSolution
		{22A2C44E-012E-452F-AB82-68AD5A915ED6}.Debug|Any CPU.ActiveCfg = Debug|Any CPU
		{22A2C44E-012E-452F-AB82-68AD5A915ED6}.Debug|Any CPU.Build.0 = Debug|Any CPU
		{22A2C44E-012E-452F-AB82-68AD5A915ED6}.Release|Any CPU.ActiveCfg = Release|Any CPU
		{22A2C44E-012E-452F-AB82-68AD5A915ED6}.Release|Any CPU.Build.0 = Release|Any CPU
		{0CADC1D7-D935-4962-BB87-1D8FA3133481}.Debug|Any CPU.ActiveCfg = Debug|Any CPU
		{0CADC1D7-D935-4962-BB87-1D8FA3133481}.Debug|Any CPU.Build.0 = Debug|Any CPU
		{0CADC1D7-D935-4962-BB87-1D8FA3133481}.Release|Any CPU.ActiveCfg = Release|Any CPU
		{0CADC1D7-D935-4962-BB87-1D8FA3133481}.Release|Any CPU.Build.0 = Release|Any CPU
		{E6066D4C-7A49-4B53-AEB3-4CD956B03203}.Debug|Any CPU.ActiveCfg = Debug|Any CPU
		{E6066D4C-7A49-4B53-AEB3-4CD956B03203}.Debug|Any CPU.Build.0 = Debug|Any CPU
		{E6066D4C-7A49-4B53-AEB3-4CD956B03203}.Release|Any CPU.ActiveCfg = Release|Any CPU
		{E6066D4C-7A49-4B53-AEB3-4CD956B03203}.Release|Any CPU.Build.0 = Release|Any CPU
	EndGlobalSection
	GlobalSection(SolutionProperties) = preSolution
		HideSolutionNode = FALSE
	EndGlobalSection
	GlobalSection(ExtensibilityGlobals) = postSolution
		SolutionGuid = {ED388A1D-D1C4-4469-A711-E5191568606A}
	EndGlobalSection
EndGlobal
